{
  "version": 4,
  "terraform_version": "0.12.20",
  "serial": 295,
  "lineage": "b8758a87-82d4-3800-59bc-ed26b500082d",
  "outputs": {},
  "resources": [
    {
      "mode": "managed",
      "type": "aws_internet_gateway",
      "name": "app_gw",
      "provider": "provider.aws",
      "instances": [
        {
          "schema_version": 0,
          "attributes": {
            "id": "igw-022cee231b9af4ab7",
            "owner_id": "135928476890",
            "tags": {
              "Name": "Eng48-kajal-app"
            },
            "vpc_id": "vpc-0d1b71159cbb0bb50"
          },
          "private": "bnVsbA==",
          "dependencies": [
            "aws_vpc.app_vpc"
          ]
        }
      ]
    },
    {
      "mode": "managed",
      "type": "aws_vpc",
      "name": "app_vpc",
      "provider": "provider.aws",
      "instances": [
        {
          "schema_version": 1,
          "attributes": {
            "arn": "arn:aws:ec2:eu-west-1:135928476890:vpc/vpc-0d1b71159cbb0bb50",
            "assign_generated_ipv6_cidr_block": false,
            "cidr_block": "10.0.0.0/16",
            "default_network_acl_id": "acl-0f286ba152a75b818",
            "default_route_table_id": "rtb-070b1df3559b54720",
            "default_security_group_id": "sg-0b060bf11a7b8f94b",
            "dhcp_options_id": "dopt-18d5d77d",
            "enable_classiclink": false,
            "enable_classiclink_dns_support": false,
            "enable_dns_hostnames": false,
            "enable_dns_support": true,
            "id": "vpc-0d1b71159cbb0bb50",
            "instance_tenancy": "default",
            "ipv6_association_id": "",
            "ipv6_cidr_block": "",
            "main_route_table_id": "rtb-070b1df3559b54720",
            "owner_id": "135928476890",
            "tags": {
              "Name": "Eng48-kajal-app"
            }
          },
          "private": "eyJzY2hlbWFfdmVyc2lvbiI6IjEifQ=="
        }
      ]
    }
  ]
}
